// !$*UTF8*$!
{
	archiveVersion = 1;
	classes = {
	};
	objectVersion = 46;
	objects = {

/* Begin PBXBuildFile section */
		BA86A26F1C6C668900F507FC /* AppDelegate.swift in Sources */ = {isa = PBXBuildFile; fileRef = BA86A26E1C6C668900F507FC /* AppDelegate.swift */; };
		BA86A2711C6C668900F507FC /* ViewController.swift in Sources */ = {isa = PBXBuildFile; fileRef = BA86A2701C6C668900F507FC /* ViewController.swift */; };
		BA86A2741C6C668900F507FC /* Main.storyboard in Resources */ = {isa = PBXBuildFile; fileRef = BA86A2721C6C668900F507FC /* Main.storyboard */; };
		BA86A2761C6C668900F507FC /* Assets.xcassets in Resources */ = {isa = PBXBuildFile; fileRef = BA86A2751C6C668900F507FC /* Assets.xcassets */; };
		BA86A2791C6C668900F507FC /* LaunchScreen.storyboard in Resources */ = {isa = PBXBuildFile; fileRef = BA86A2771C6C668900F507FC /* LaunchScreen.storyboard */; };
		BA86A2841C6C668900F507FC /* gacha2Tests.swift in Sources */ = {isa = PBXBuildFile; fileRef = BA86A2831C6C668900F507FC /* gacha2Tests.swift */; };
		BA86A28F1C6C668900F507FC /* gacha2UITests.swift in Sources */ = {isa = PBXBuildFile; fileRef = BA86A28E1C6C668900F507FC /* gacha2UITests.swift */; };
		BA86A2B41C6C670A00F507FC /* AnimationUtility.swift in Sources */ = {isa = PBXBuildFile; fileRef = BA86A29E1C6C670A00F507FC /* AnimationUtility.swift */; };
		BA86A2B51C6C670A00F507FC /* bg_blue@2x.png in Resources */ = {isa = PBXBuildFile; fileRef = BA86A2A01C6C670A00F507FC /* bg_blue@2x.png */; };
		BA86A2B61C6C670A00F507FC /* bg_gold@2x.png in Resources */ = {isa = PBXBuildFile; fileRef = BA86A2A11C6C670A00F507FC /* bg_gold@2x.png */; };
		BA86A2B71C6C670A00F507FC /* bg_red@2x.png in Resources */ = {isa = PBXBuildFile; fileRef = BA86A2A21C6C670A00F507FC /* bg_red@2x.png */; };
		BA86A2B81C6C670A00F507FC /* gacha@2x (1).png in Resources */ = {isa = PBXBuildFile; fileRef = BA86A2A31C6C670A00F507FC /* gacha@2x (1).png */; };
		BA86A2B91C6C670A00F507FC /* gacha@2x.png in Resources */ = {isa = PBXBuildFile; fileRef = BA86A2A41C6C670A00F507FC /* gacha@2x.png */; };
		BA86A2BA1C6C670A00F507FC /* Default-568h@2x.png in Resources */ = {isa = PBXBuildFile; fileRef = BA86A2A61C6C670A00F507FC /* Default-568h@2x.png */; };
		BA86A2BB1C6C670A00F507FC /* Default-667h@2x.png in Resources */ = {isa = PBXBuildFile; fileRef = BA86A2A71C6C670A00F507FC /* Default-667h@2x.png */; };
		BA86A2BC1C6C670A00F507FC /* Default-736h@3x.png in Resources */ = {isa = PBXBuildFile; fileRef = BA86A2A81C6C670A00F507FC /* Default-736h@3x.png */; };
		BA86A2BD1C6C670A00F507FC /* monster001.png in Resources */ = {isa = PBXBuildFile; fileRef = BA86A2AA1C6C670A00F507FC /* monster001.png */; };
		BA86A2BE1C6C670A00F507FC /* monster002.png in Resources */ = {isa = PBXBuildFile; fileRef = BA86A2AB1C6C670A00F507FC /* monster002.png */; };
		BA86A2BF1C6C670A00F507FC /* monster003.png in Resources */ = {isa = PBXBuildFile; fileRef = BA86A2AC1C6C670A00F507FC /* monster003.png */; };
		BA86A2C01C6C670A00F507FC /* monster004.png in Resources */ = {isa = PBXBuildFile; fileRef = BA86A2AD1C6C670A00F507FC /* monster004.png */; };
		BA86A2C11C6C670A00F507FC /* monster005.png in Resources */ = {isa = PBXBuildFile; fileRef = BA86A2AE1C6C670A00F507FC /* monster005.png */; };
		BA86A2C21C6C670A00F507FC /* monster006.png in Resources */ = {isa = PBXBuildFile; fileRef = BA86A2AF1C6C670A00F507FC /* monster006.png */; };
		BA86A2C31C6C670A00F507FC /* monster007.png in Resources */ = {isa = PBXBuildFile; fileRef = BA86A2B01C6C670A00F507FC /* monster007.png */; };
		BA86A2C41C6C670A00F507FC /* monster008.png in Resources */ = {isa = PBXBuildFile; fileRef = BA86A2B11C6C670A00F507FC /* monster008.png */; };
		BA86A2C51C6C670A00F507FC /* monster009.png in Resources */ = {isa = PBXBuildFile; fileRef = BA86A2B21C6C670A00F507FC /* monster009.png */; };
		BA86A2C61C6C670A00F507FC /* monster010.png in Resources */ = {isa = PBXBuildFile; fileRef = BA86A2B31C6C670A00F507FC /* monster010.png */; };
		BA86A2C81C6C6EC700F507FC /* ResulrviewControllerViewController.swift in Sources */ = {isa = PBXBuildFile; fileRef = BA86A2C71C6C6EC700F507FC /* ResulrviewControllerViewController.swift */; };
/* End PBXBuildFile section */

/* Begin PBXContainerItemProxy section */
		BA86A2801C6C668900F507FC /* PBXContainerItemProxy */ = {
			isa = PBXContainerItemProxy;
			containerPortal = BA86A2631C6C668900F507FC /* Project object */;
			proxyType = 1;
			remoteGlobalIDString = BA86A26A1C6C668900F507FC;
			remoteInfo = gacha2;
		};
		BA86A28B1C6C668900F507FC /* PBXContainerItemProxy */ = {
			isa = PBXContainerItemProxy;
			containerPortal = BA86A2631C6C668900F507FC /* Project object */;
			proxyType = 1;
			remoteGlobalIDString = BA86A26A1C6C668900F507FC;
			remoteInfo = gacha2;
		};
/* End PBXContainerItemProxy section */

/* Begin PBXFileReference section */
		BA86A26B1C6C668900F507FC /* gacha2.app */ = {isa = PBXFileReference; explicitFileType = wrapper.application; includeInIndex = 0; path = gacha2.app; sourceTree = BUILT_PRODUCTS_DIR; };
		BA86A26E1C6C668900F507FC /* AppDelegate.swift */ = {isa = PBXFileReference; lastKnownFileType = sourcecode.swift; path = AppDelegate.swift; sourceTree = "<group>"; };
		BA86A2701C6C668900F507FC /* ViewController.swift */ = {isa = PBXFileReference; lastKnownFileType = sourcecode.swift; path = ViewController.swift; sourceTree = "<group>"; };
		BA86A2731C6C668900F507FC /* Base */ = {isa = PBXFileReference; lastKnownFileType = file.storyboard; name = Base; path = Base.lproj/Main.storyboard; sourceTree = "<group>"; };
		BA86A2751C6C668900F507FC /* Assets.xcassets */ = {isa = PBXFileReference; lastKnownFileType = folder.assetcatalog; path = Assets.xcassets; sourceTree = "<group>"; };
		BA86A2781C6C668900F507FC /* Base */ = {isa = PBXFileReference; lastKnownFileType = file.storyboard; name = Base; path = Base.lproj/LaunchScreen.storyboard; sourceTree = "<group>"; };
		BA86A27A1C6C668900F507FC /* Info.plist */ = {isa = PBXFileReference; lastKnownFileType = text.plist.xml; path = Info.plist; sourceTree = "<group>"; };
		BA86A27F1C6C668900F507FC /* gacha2Tests.xctest */ = {isa = PBXFileReference; explicitFileType = wrapper.cfbundle; includeInIndex = 0; path = gacha2Tests.xctest; sourceTree = BUILT_PRODUCTS_DIR; };
		BA86A2831C6C668900F507FC /* gacha2Tests.swift */ = {isa = PBXFileReference; lastKnownFileType = sourcecode.swift; path = gacha2Tests.swift; sourceTree = "<group>"; };
		BA86A2851C6C668900F507FC /* Info.plist */ = {isa = PBXFileReference; lastKnownFileType = text.plist.xml; path = Info.plist; sourceTree = "<group>"; };
		BA86A28A1C6C668900F507FC /* gacha2UITests.xctest */ = {isa = PBXFileReference; explicitFileType = wrapper.cfbundle; includeInIndex = 0; path = gacha2UITests.xctest; sourceTree = BUILT_PRODUCTS_DIR; };
		BA86A28E1C6C668900F507FC /* gacha2UITests.swift */ = {isa = PBXFileReference; lastKnownFileType = sourcecode.swift; path = gacha2UITests.swift; sourceTree = "<group>"; };
		BA86A2901C6C668900F507FC /* Info.plist */ = {isa = PBXFileReference; lastKnownFileType = text.plist.xml; path = Info.plist; sourceTree = "<group>"; };
		BA86A29E1C6C670A00F507FC /* AnimationUtility.swift */ = {isa = PBXFileReference; fileEncoding = 4; lastKnownFileType = sourcecode.swift; path = AnimationUtility.swift; sourceTree = "<group>"; };
		BA86A2A01C6C670A00F507FC /* bg_blue@2x.png */ = {isa = PBXFileReference; lastKnownFileType = image.png; path = "bg_blue@2x.png"; sourceTree = "<group>"; };
		BA86A2A11C6C670A00F507FC /* bg_gold@2x.png */ = {isa = PBXFileReference; lastKnownFileType = image.png; path = "bg_gold@2x.png"; sourceTree = "<group>"; };
		BA86A2A21C6C670A00F507FC /* bg_red@2x.png */ = {isa = PBXFileReference; lastKnownFileType = image.png; path = "bg_red@2x.png"; sourceTree = "<group>"; };
		BA86A2A31C6C670A00F507FC /* gacha@2x (1).png */ = {isa = PBXFileReference; lastKnownFileType = image.png; path = "gacha@2x (1).png"; sourceTree = "<group>"; };
		BA86A2A41C6C670A00F507FC /* gacha@2x.png */ = {isa = PBXFileReference; lastKnownFileType = image.png; path = "gacha@2x.png"; sourceTree = "<group>"; };
		BA86A2A61C6C670A00F507FC /* Default-568h@2x.png */ = {isa = PBXFileReference; lastKnownFileType = image.png; path = "Default-568h@2x.png"; sourceTree = "<group>"; };
		BA86A2A71C6C670A00F507FC /* Default-667h@2x.png */ = {isa = PBXFileReference; lastKnownFileType = image.png; path = "Default-667h@2x.png"; sourceTree = "<group>"; };
		BA86A2A81C6C670A00F507FC /* Default-736h@3x.png */ = {isa = PBXFileReference; lastKnownFileType = image.png; path = "Default-736h@3x.png"; sourceTree = "<group>"; };
		BA86A2AA1C6C670A00F507FC /* monster001.png */ = {isa = PBXFileReference; lastKnownFileType = image.png; path = monster001.png; sourceTree = "<group>"; };
		BA86A2AB1C6C670A00F507FC /* monster002.png */ = {isa = PBXFileReference; lastKnownFileType = image.png; path = monster002.png; sourceTree = "<group>"; };
		BA86A2AC1C6C670A00F507FC /* monster003.png */ = {isa = PBXFileReference; lastKnownFileType = image.png; path = monster003.png; sourceTree = "<group>"; };
		BA86A2AD1C6C670A00F507FC /* monster004.png */ = {isa = PBXFileReference; lastKnownFileType = image.png; path = monster004.png; sourceTree = "<group>"; };
		BA86A2AE1C6C670A00F507FC /* monster005.png */ = {isa = PBXFileReference; lastKnownFileType = image.png; path = monster005.png; sourceTree = "<group>"; };
		BA86A2AF1C6C670A00F507FC /* monster006.png */ = {isa = PBXFileReference; lastKnownFileType = image.png; path = monster006.png; sourceTree = "<group>"; };
		BA86A2B01C6C670A00F507FC /* monster007.png */ = {isa = PBXFileReference; lastKnownFileType = image.png; path = monster007.png; sourceTree = "<group>"; };
		BA86A2B11C6C670A00F507FC /* monster008.png */ = {isa = PBXFileReference; lastKnownFileType = image.png; path = monster008.png; sourceTree = "<group>"; };
		BA86A2B21C6C670A00F507FC /* monster009.png */ = {isa = PBXFileReference; lastKnownFileType = image.png; path = monster009.png; sourceTree = "<group>"; };
		BA86A2B31C6C670A00F507FC /* monster010.png */ = {isa = PBXFileReference; lastKnownFileType = image.png; path = monster010.png; sourceTree = "<group>"; };
		BA86A2C71C6C6EC700F507FC /* ResulrviewControllerViewController.swift */ = {isa = PBXFileReference; fileEncoding = 4; lastKnownFileType = sourcecode.swift; path = ResulrviewControllerViewController.swift; sourceTree = "<group>"; };
/* End PBXFileReference section */

/* Begin PBXFrameworksBuildPhase section */
		BA86A2681C6C668900F507FC /* Frameworks */ = {
			isa = PBXFrameworksBuildPhase;
			buildActionMask = 2147483647;
			files = (
			);
			runOnlyForDeploymentPostprocessing = 0;
		};
		BA86A27C1C6C668900F507FC /* Frameworks */ = {
			isa = PBXFrameworksBuildPhase;
			buildActionMask = 2147483647;
			files = (
			);
			runOnlyForDeploymentPostprocessing = 0;
		};
		BA86A2871C6C668900F507FC /* Frameworks */ = {
			isa = PBXFrameworksBuildPhase;
			buildActionMask = 2147483647;
			files = (
			);
			runOnlyForDeploymentPostprocessing = 0;
		};
/* End PBXFrameworksBuildPhase section */

/* Begin PBXGroup section */
		BA86A2621C6C668900F507FC = {
			isa = PBXGroup;
			children = (
				BA86A26D1C6C668900F507FC /* gacha2 */,
				BA86A2821C6C668900F507FC /* gacha2Tests */,
				BA86A28D1C6C668900F507FC /* gacha2UITests */,
				BA86A26C1C6C668900F507FC /* Products */,
			);
			sourceTree = "<group>";
		};
		BA86A26C1C6C668900F507FC /* Products */ = {
			isa = PBXGroup;
			children = (
				BA86A26B1C6C668900F507FC /* gacha2.app */,
				BA86A27F1C6C668900F507FC /* gacha2Tests.xctest */,
				BA86A28A1C6C668900F507FC /* gacha2UITests.xctest */,
			);
			name = Products;
			sourceTree = "<group>";
		};
		BA86A26D1C6C668900F507FC /* gacha2 */ = {
			isa = PBXGroup;
			children = (
				BA86A29C1C6C670A00F507FC /* Gacha素材 */,
				BA86A26E1C6C668900F507FC /* AppDelegate.swift */,
				BA86A2701C6C668900F507FC /* ViewController.swift */,
				BA86A2721C6C668900F507FC /* Main.storyboard */,
				BA86A2C71C6C6EC700F507FC /* ResulrviewControllerViewController.swift */,
				BA86A2751C6C668900F507FC /* Assets.xcassets */,
				BA86A2771C6C668900F507FC /* LaunchScreen.storyboard */,
				BA86A27A1C6C668900F507FC /* Info.plist */,
			);
			path = gacha2;
			sourceTree = "<group>";
		};
		BA86A2821C6C668900F507FC /* gacha2Tests */ = {
			isa = PBXGroup;
			children = (
				BA86A2831C6C668900F507FC /* gacha2Tests.swift */,
				BA86A2851C6C668900F507FC /* Info.plist */,
			);
			path = gacha2Tests;
			sourceTree = "<group>";
		};
		BA86A28D1C6C668900F507FC /* gacha2UITests */ = {
			isa = PBXGroup;
			children = (
				BA86A28E1C6C668900F507FC /* gacha2UITests.swift */,
				BA86A2901C6C668900F507FC /* Info.plist */,
			);
			path = gacha2UITests;
			sourceTree = "<group>";
		};
		BA86A29C1C6C670A00F507FC /* Gacha素材 */ = {
			isa = PBXGroup;
			children = (
				BA86A29D1C6C670A00F507FC /* GachaResources */,
			);
			path = "Gacha素材";
			sourceTree = "<group>";
		};
		BA86A29D1C6C670A00F507FC /* GachaResources */ = {
			isa = PBXGroup;
			children = (
				BA86A29E1C6C670A00F507FC /* AnimationUtility.swift */,
				BA86A29F1C6C670A00F507FC /* background */,
				BA86A2A51C6C670A00F507FC /* Defaults */,
				BA86A2A91C6C670A00F507FC /* monster */,
			);
			path = GachaResources;
			sourceTree = "<group>";
		};
		BA86A29F1C6C670A00F507FC /* background */ = {
			isa = PBXGroup;
			children = (
				BA86A2A01C6C670A00F507FC /* bg_blue@2x.png */,
				BA86A2A11C6C670A00F507FC /* bg_gold@2x.png */,
				BA86A2A21C6C670A00F507FC /* bg_red@2x.png */,
				BA86A2A31C6C670A00F507FC /* gacha@2x (1).png */,
				BA86A2A41C6C670A00F507FC /* gacha@2x.png */,
			);
			path = background;
			sourceTree = "<group>";
		};
		BA86A2A51C6C670A00F507FC /* Defaults */ = {
			isa = PBXGroup;
			children = (
				BA86A2A61C6C670A00F507FC /* Default-568h@2x.png */,
				BA86A2A71C6C670A00F507FC /* Default-667h@2x.png */,
				BA86A2A81C6C670A00F507FC /* Default-736h@3x.png */,
			);
			path = Defaults;
			sourceTree = "<group>";
		};
		BA86A2A91C6C670A00F507FC /* monster */ = {
			isa = PBXGroup;
			children = (
				BA86A2AA1C6C670A00F507FC /* monster001.png */,
				BA86A2AB1C6C670A00F507FC /* monster002.png */,
				BA86A2AC1C6C670A00F507FC /* monster003.png */,
				BA86A2AD1C6C670A00F507FC /* monster004.png */,
				BA86A2AE1C6C670A00F507FC /* monster005.png */,
				BA86A2AF1C6C670A00F507FC /* monster006.png */,
				BA86A2B01C6C670A00F507FC /* monster007.png */,
				BA86A2B11C6C670A00F507FC /* monster008.png */,
				BA86A2B21C6C670A00F507FC /* monster009.png */,
				BA86A2B31C6C670A00F507FC /* monster010.png */,
			);
			path = monster;
			sourceTree = "<group>";
		};
/* End PBXGroup section */

/* Begin PBXNativeTarget section */
		BA86A26A1C6C668900F507FC /* gacha2 */ = {
			isa = PBXNativeTarget;
			buildConfigurationList = BA86A2931C6C668900F507FC /* Build configuration list for PBXNativeTarget "gacha2" */;
			buildPhases = (
				BA86A2671C6C668900F507FC /* Sources */,
				BA86A2681C6C668900F507FC /* Frameworks */,
				BA86A2691C6C668900F507FC /* Resources */,
			);
			buildRules = (
			);
			dependencies = (
			);
			name = gacha2;
			productName = gacha2;
			productReference = BA86A26B1C6C668900F507FC /* gacha2.app */;
			productType = "com.apple.product-type.application";
		};
		BA86A27E1C6C668900F507FC /* gacha2Tests */ = {
			isa = PBXNativeTarget;
			buildConfigurationList = BA86A2961C6C668900F507FC /* Build configuration list for PBXNativeTarget "gacha2Tests" */;
			buildPhases = (
				BA86A27B1C6C668900F507FC /* Sources */,
				BA86A27C1C6C668900F507FC /* Frameworks */,
				BA86A27D1C6C668900F507FC /* Resources */,
			);
			buildRules = (
			);
			dependencies = (
				BA86A2811C6C668900F507FC /* PBXTargetDependency */,
			);
			name = gacha2Tests;
			productName = gacha2Tests;
			productReference = BA86A27F1C6C668900F507FC /* gacha2Tests.xctest */;
			productType = "com.apple.product-type.bundle.unit-test";
		};
		BA86A2891C6C668900F507FC /* gacha2UITests */ = {
			isa = PBXNativeTarget;
			buildConfigurationList = BA86A2991C6C668900F507FC /* Build configuration list for PBXNativeTarget "gacha2UITests" */;
			buildPhases = (
				BA86A2861C6C668900F507FC /* Sources */,
				BA86A2871C6C668900F507FC /* Frameworks */,
				BA86A2881C6C668900F507FC /* Resources */,
			);
			buildRules = (
			);
			dependencies = (
				BA86A28C1C6C668900F507FC /* PBXTargetDependency */,
			);
			name = gacha2UITests;
			productName = gacha2UITests;
			productReference = BA86A28A1C6C668900F507FC /* gacha2UITests.xctest */;
			productType = "com.apple.product-type.bundle.ui-testing";
		};
/* End PBXNativeTarget section */

/* Begin PBXProject section */
		BA86A2631C6C668900F507FC /* Project object */ = {
			isa = PBXProject;
			attributes = {
				LastSwiftUpdateCheck = 0720;
				LastUpgradeCheck = 0720;
				ORGANIZATIONNAME = "hmlab book pro";
				TargetAttributes = {
					BA86A26A1C6C668900F507FC = {
						CreatedOnToolsVersion = 7.2;
					};
					BA86A27E1C6C668900F507FC = {
						CreatedOnToolsVersion = 7.2;
						TestTargetID = BA86A26A1C6C668900F507FC;
					};
					BA86A2891C6C668900F507FC = {
						CreatedOnToolsVersion = 7.2;
						TestTargetID = BA86A26A1C6C668900F507FC;
					};
				};
			};
			buildConfigurationList = BA86A2661C6C668900F507FC /* Build configuration list for PBXProject "gacha2" */;
			compatibilityVersion = "Xcode 3.2";
			developmentRegion = English;
			hasScannedForEncodings = 0;
			knownRegions = (
				en,
				Base,
			);
			mainGroup = BA86A2621C6C668900F507FC;
			productRefGroup = BA86A26C1C6C668900F507FC /* Products */;
			projectDirPath = "";
			projectRoot = "";
			targets = (
				BA86A26A1C6C668900F507FC /* gacha2 */,
				BA86A27E1C6C668900F507FC /* gacha2Tests */,
				BA86A2891C6C668900F507FC /* gacha2UITests */,
			);
		};
/* End PBXProject section */

/* Begin PBXResourcesBuildPhase section */
		BA86A2691C6C668900F507FC /* Resources */ = {
			isa = PBXResourcesBuildPhase;
			buildActionMask = 2147483647;
			files = (
				BA86A2C21C6C670A00F507FC /* monster006.png in Resources */,
				BA86A2791C6C668900F507FC /* LaunchScreen.storyboard in Resources */,
				BA86A2BE1C6C670A00F507FC /* monster002.png in Resources */,
				BA86A2B61C6C670A00F507FC /* bg_gold@2x.png in Resources */,
				BA86A2BA1C6C670A00F507FC /* Default-568h@2x.png in Resources */,
				BA86A2C01C6C670A00F507FC /* monster004.png in Resources */,
				BA86A2BC1C6C670A00F507FC /* Default-736h@3x.png in Resources */,
				BA86A2B81C6C670A00F507FC /* gacha@2x (1).png in Resources */,
				BA86A2761C6C668900F507FC /* Assets.xcassets in Resources */,
				BA86A2C61C6C670A00F507FC /* monster010.png in Resources */,
				BA86A2741C6C668900F507FC /* Main.storyboard in Resources */,
				BA86A2C31C6C670A00F507FC /* monster007.png in Resources */,
				BA86A2B91C6C670A00F507FC /* gacha@2x.png in Resources */,
				BA86A2B51C6C670A00F507FC /* bg_blue@2x.png in Resources */,
				BA86A2C41C6C670A00F507FC /* monster008.png in Resources */,
				BA86A2C51C6C670A00F507FC /* monster009.png in Resources */,
				BA86A2BF1C6C670A00F507FC /* monster003.png in Resources */,
				BA86A2B71C6C670A00F507FC /* bg_red@2x.png in Resources */,
				BA86A2BD1C6C670A00F507FC /* monster001.png in Resources */,
				BA86A2C11C6C670A00F507FC /* monster005.png in Resources */,
				BA86A2BB1C6C670A00F507FC /* Default-667h@2x.png in Resources */,
			);
			runOnlyForDeploymentPostprocessing = 0;
		};
		BA86A27D1C6C668900F507FC /* Resources */ = {
			isa = PBXResourcesBuildPhase;
			buildActionMask = 2147483647;
			files = (
			);
			runOnlyForDeploymentPostprocessing = 0;
		};
		BA86A2881C6C668900F507FC /* Resources */ = {
			isa = PBXResourcesBuildPhase;
			buildActionMask = 2147483647;
			files = (
			);
			runOnlyForDeploymentPostprocessing = 0;
		};
/* End PBXResourcesBuildPhase section */

/* Begin PBXSourcesBuildPhase section */
		BA86A2671C6C668900F507FC /* Sources */ = {
			isa = PBXSourcesBuildPhase;
			buildActionMask = 2147483647;
			files = (
				BA86A2711C6C668900F507FC /* ViewController.swift in Sources */,
				BA86A26F1C6C668900F507FC /* AppDelegate.swift in Sources */,
				BA86A2C81C6C6EC700F507FC /* ResulrviewControllerViewController.swift in Sources */,
				BA86A2B41C6C670A00F507FC /* AnimationUtility.swift in Sources */,
			);
			runOnlyForDeploymentPostprocessing = 0;
		};
		BA86A27B1C6C668900F507FC /* Sources */ = {
			isa = PBXSourcesBuildPhase;
			buildActionMask = 2147483647;
			files = (
				BA86A2841C6C668900F507FC /* gacha2Tests.swift in Sources */,
			);
			runOnlyForDeploymentPostprocessing = 0;
		};
		BA86A2861C6C668900F507FC /* Sources */ = {
			isa = PBXSourcesBuildPhase;
			buildActionMask = 2147483647;
			files = (
				BA86A28F1C6C668900F507FC /* gacha2UITests.swift in Sources */,
			);
			runOnlyForDeploymentPostprocessing = 0;
		};
/* End PBXSourcesBuildPhase section */

/* Begin PBXTargetDependency section */
		BA86A2811C6C668900F507FC /* PBXTargetDependency */ = {
			isa = PBXTargetDependency;
			target = BA86A26A1C6C668900F507FC /* gacha2 */;
			targetProxy = BA86A2801C6C668900F507FC /* PBXContainerItemProxy */;
		};
		BA86A28C1C6C668900F507FC /* PBXTargetDependency */ = {
			isa = PBXTargetDependency;
			target = BA86A26A1C6C668900F507FC /* gacha2 */;
			targetProxy = BA86A28B1C6C668900F507FC /* PBXContainerItemProxy */;
		};
/* End PBXTargetDependency section */

/* Begin PBXVariantGroup section */
		BA86A2721C6C668900F507FC /* Main.storyboard */ = {
			isa = PBXVariantGroup;
			children = (
				BA86A2731C6C668900F507FC /* Base */,
			);
			name = Main.storyboard;
			sourceTree = "<group>";
		};
		BA86A2771C6C668900F507FC /* LaunchScreen.storyboard */ = {
			isa = PBXVariantGroup;
			children = (
				BA86A2781C6C668900F507FC /* Base */,
			);
			name = LaunchScreen.storyboard;
			sourceTree = "<group>";
		};
/* End PBXVariantGroup section */

/* Begin XCBuildConfiguration section */
		BA86A2911C6C668900F507FC /* Debug */ = {
			isa = XCBuildConfiguration;
			buildSettings = {
				ALWAYS_SEARCH_USER_PATHS = NO;
				CLANG_CXX_LANGUAGE_STANDARD = "gnu++0x";
				CLANG_CXX_LIBRARY = "libc++";
				CLANG_ENABLE_MODULES = YES;
				CLANG_ENABLE_OBJC_ARC = YES;
				CLANG_WARN_BOOL_CONVERSION = YES;
				CLANG_WARN_CONSTANT_CONVERSION = YES;
				CLANG_WARN_DIRECT_OBJC_ISA_USAGE = YES_ERROR;
				CLANG_WARN_EMPTY_BODY = YES;
				CLANG_WARN_ENUM_CONVERSION = YES;
				CLANG_WARN_INT_CONVERSION = YES;
				CLANG_WARN_OBJC_ROOT_CLASS = YES_ERROR;
				CLANG_WARN_UNREACHABLE_CODE = YES;
				CLANG_WARN__DUPLICATE_METHOD_MATCH = YES;
				"CODE_SIGN_IDENTITY[sdk=iphoneos*]" = "iPhone Developer";
				COPY_PHASE_STRIP = NO;
				DEBUG_INFORMATION_FORMAT = dwarf;
				ENABLE_STRICT_OBJC_MSGSEND = YES;
				ENABLE_TESTABILITY = YES;
				GCC_C_LANGUAGE_STANDARD = gnu99;
				GCC_DYNAMIC_NO_PIC = NO;
				GCC_NO_COMMON_BLOCKS = YES;
				GCC_OPTIMIZATION_LEVEL = 0;
				GCC_PREPROCESSOR_DEFINITIONS = (
					"DEBUG=1",
					"$(inherited)",
				);
				GCC_WARN_64_TO_32_BIT_CONVERSION = YES;
				GCC_WARN_ABOUT_RETURN_TYPE = YES_ERROR;
				GCC_WARN_UNDECLARED_SELECTOR = YES;
				GCC_WARN_UNINITIALIZED_AUTOS = YES_AGGRESSIVE;
				GCC_WARN_UNUSED_FUNCTION = YES;
				GCC_WARN_UNUSED_VARIABLE = YES;
				IPHONEOS_DEPLOYMENT_TARGET = 9.2;
				MTL_ENABLE_DEBUG_INFO = YES;
				ONLY_ACTIVE_ARCH = YES;
				SDKROOT = iphoneos;
				SWIFT_OPTIMIZATION_LEVEL = "-Onone";
			};
			name = Debug;
		};
		BA86A2921C6C668900F507FC /* Release */ = {
			isa = XCBuildConfiguration;
			buildSettings = {
				ALWAYS_SEARCH_USER_PATHS = NO;
				CLANG_CXX_LANGUAGE_STANDARD = "gnu++0x";
				CLANG_CXX_LIBRARY = "libc++";
				CLANG_ENABLE_MODULES = YES;
				CLANG_ENABLE_OBJC_ARC = YES;
				CLANG_WARN_BOOL_CONVERSION = YES;
				CLANG_WARN_CONSTANT_CONVERSION = YES;
				CLANG_WARN_DIRECT_OBJC_ISA_USAGE = YES_ERROR;
				CLANG_WARN_EMPTY_BODY = YES;
				CLANG_WARN_ENUM_CONVERSION = YES;
				CLANG_WARN_INT_CONVERSION = YES;
				CLANG_WARN_OBJC_ROOT_CLASS = YES_ERROR;
				CLANG_WARN_UNREACHABLE_CODE = YES;
				CLANG_WARN__DUPLICATE_METHOD_MATCH = YES;
				"CODE_SIGN_IDENTITY[sdk=iphoneos*]" = "iPhone Developer";
				COPY_PHASE_STRIP = NO;
				DEBUG_INFORMATION_FORMAT = "dwarf-with-dsym";
				ENABLE_NS_ASSERTIONS = NO;
				ENABLE_STRICT_OBJC_MSGSEND = YES;
				GCC_C_LANGUAGE_STANDARD = gnu99;
				GCC_NO_COMMON_BLOCKS = YES;
				GCC_WARN_64_TO_32_BIT_CONVERSION = YES;
				GCC_WARN_ABOUT_RETURN_TYPE = YES_ERROR;
				GCC_WARN_UNDECLARED_SELECTOR = YES;
				GCC_WARN_UNINITIALIZED_AUTOS = YES_AGGRESSIVE;
				GCC_WARN_UNUSED_FUNCTION = YES;
				GCC_WARN_UNUSED_VARIABLE = YES;
				IPHONEOS_DEPLOYMENT_TARGET = 9.2;
				MTL_ENABLE_DEBUG_INFO = NO;
				SDKROOT = iphoneos;
				VALIDATE_PRODUCT = YES;
			};
			name = Release;
		};
		BA86A2941C6C668900F507FC /* Debug */ = {
			isa = XCBuildConfiguration;
			buildSettings = {
				ASSETCATALOG_COMPILER_APPICON_NAME = AppIcon;
				INFOPLIST_FILE = gacha2/Info.plist;
				LD_RUNPATH_SEARCH_PATHS = "$(inherited) @executable_path/Frameworks";
				PRODUCT_BUNDLE_IDENTIFIER = "hmlab-book-pro.gacha2";
				PRODUCT_NAME = "$(TARGET_NAME)";
			};
			name = Debug;
		};
		BA86A2951C6C668900F507FC /* Release */ = {
			isa = XCBuildConfiguration;
			buildSettings = {
				ASSETCATALOG_COMPILER_APPICON_NAME = AppIcon;
				INFOPLIST_FILE = gacha2/Info.plist;
				LD_RUNPATH_SEARCH_PATHS = "$(inherited) @executable_path/Frameworks";
				PRODUCT_BUNDLE_IDENTIFIER = "hmlab-book-pro.gacha2";
				PRODUCT_NAME = "$(TARGET_NAME)";
			};
			name = Release;
		};
		BA86A2971C6C668900F507FC /* Debug */ = {
			isa = XCBuildConfiguration;
			buildSettings = {
				BUNDLE_LOADER = "$(TEST_HOST)";
				INFOPLIST_FILE = gacha2Tests/Info.plist;
				LD_RUNPATH_SEARCH_PATHS = "$(inherited) @executable_path/Frameworks @loader_path/Frameworks";
				PRODUCT_BUNDLE_IDENTIFIER = "hmlab-book-pro.gacha2Tests";
				PRODUCT_NAME = "$(TARGET_NAME)";
				TEST_HOST = "$(BUILT_PRODUCTS_DIR)/gacha2.app/gacha2";
			};
			name = Debug;
		};
		BA86A2981C6C668900F507FC /* Release */ = {
			isa = XCBuildConfiguration;
			buildSettings = {
				BUNDLE_LOADER = "$(TEST_HOST)";
				INFOPLIST_FILE = gacha2Tests/Info.plist;
				LD_RUNPATH_SEARCH_PATHS = "$(inherited) @executable_path/Frameworks @loader_path/Frameworks";
				PRODUCT_BUNDLE_IDENTIFIER = "hmlab-book-pro.gacha2Tests";
				PRODUCT_NAME = "$(TARGET_NAME)";
				TEST_HOST = "$(BUILT_PRODUCTS_DIR)/gacha2.app/gacha2";
			};
			name = Release;
		};
		BA86A29A1C6C668900F507FC /* Debug */ = {
			isa = XCBuildConfiguration;
			buildSettings = {
				INFOPLIST_FILE = gacha2UITests/Info.plist;
				LD_RUNPATH_SEARCH_PATHS = "$(inherited) @executable_path/Frameworks @loader_path/Frameworks";
				PRODUCT_BUNDLE_IDENTIFIER = "hmlab-book-pro.gacha2UITests";
				PRODUCT_NAME = "$(TARGET_NAME)";
				TEST_TARGET_NAME = gacha2;
				USES_XCTRUNNER = YES;
			};
			name = Debug;
		};
		BA86A29B1C6C668900F507FC /* Release */ = {
			isa = XCBuildConfiguration;
			buildSettings = {
				INFOPLIST_FILE = gacha2UITests/Info.plist;
				LD_RUNPATH_SEARCH_PATHS = "$(inherited) @executable_path/Frameworks @loader_path/Frameworks";
				PRODUCT_BUNDLE_IDENTIFIER = "hmlab-book-pro.gacha2UITests";
				PRODUCT_NAME = "$(TARGET_NAME)";
				TEST_TARGET_NAME = gacha2;
				USES_XCTRUNNER = YES;
			};
			name = Release;
		};
/* End XCBuildConfiguration section */

/* Begin XCConfigurationList section */
		BA86A2661C6C668900F507FC /* Build configuration list for PBXProject "gacha2" */ = {
			isa = XCConfigurationList;
			buildConfigurations = (
				BA86A2911C6C668900F507FC /* Debug */,
				BA86A2921C6C668900F507FC /* Release */,
			);
			defaultConfigurationIsVisible = 0;
			defaultConfigurationName = Release;
		};
		BA86A2931C6C668900F507FC /* Build configuration list for PBXNativeTarget "gacha2" */ = {
			isa = XCConfigurationList;
			buildConfigurations = (
				BA86A2941C6C668900F507FC /* Debug */,
				BA86A2951C6C668900F507FC /* Release */,
			);
			defaultConfigurationIsVisible = 0;
		};
		BA86A2961C6C668900F507FC /* Build configuration list for PBXNativeTarget "gacha2Tests" */ = {
			isa = XCConfigurationList;
			buildConfigurations = (
				BA86A2971C6C668900F507FC /* Debug */,
				BA86A2981C6C668900F507FC /* Release */,
			);
			defaultConfigurationIsVisible = 0;
		};
		BA86A2991C6C668900F507FC /* Build configuration list for PBXNativeTarget "gacha2UITests" */ = {
			isa = XCConfigurationList;
			buildConfigurations = (
				BA86A29A1C6C668900F507FC /* Debug */,
				BA86A29B1C6C668900F507FC /* Release */,
			);
			defaultConfigurationIsVisible = 0;
		};
/* End XCConfigurationList section */
	};
	rootObject = BA86A2631C6C668900F507FC /* Project object */;
}
